git.jereileu.ch/gotables/server/gt-server v0.2.1 h1:Fo7nq1HXlcgk9M/YmMDGGJXVro3Q+pUIdXPQJqudib8=
git.jereileu.ch/gotables/server/gt-server v0.2.1/go.mod h1:6910H1NOMB3VRyCMvKfiPsnCHujxKA3yQDwcMKmMST4=
git.jereileu.ch/gotables/server/gt-server v0.2.2 h1:W9l2vHWxhCIOLdjeLnw6jbhgBehDle4NdtaZpmWUytU=
git.jereileu.ch/gotables/server/gt-server v0.2.2/go.mod h1:6910H1NOMB3VRyCMvKfiPsnCHujxKA3yQDwcMKmMST4=
